
Microsoft Visual Studio Solution File, Format Version 12.00
# Visual Studio Version 16
VisualStudioVersion = 16.0.30804.86
MinimumVisualStudioVersion = 10.0.40219.1
Project("{FAE04EC0-301F-11D3-BF4B-00C04F79EFBC}") = "WpfAppExemplo", "WpfAppExemplo.csproj", "{5A8B30CF-E5A1-4B5E-88C8-00DD52AD9D30}"
EndProject
Global
	GlobalSection(SolutionConfigurationPlatforms) = preSolution
		Debug|Any CPU = Debug|Any CPU
		Release|Any CPU = Release|Any CPU
	EndGlobalSection
	GlobalSection(ProjectConfigurationPlatforms) = postSolution
		{5A8B30CF-E5A1-4B5E-88C8-00DD52AD9D30}.Debug|Any CPU.ActiveCfg = Debug|Any CPU
		{5A8B30CF-E5A1-4B5E-88C8-00DD52AD9D30}.Debug|Any CPU.Build.0 = Debug|Any CPU
		{5A8B30CF-E5A1-4B5E-88C8-00DD52AD9D30}.Release|Any CPU.ActiveCfg = Release|Any CPU
		{5A8B30CF-E5A1-4B5E-88C8-00DD52AD9D30}.Release|Any CPU.Build.0 = Release|Any CPU
	EndGlobalSection
	GlobalSection(SolutionProperties) = preSolution
		HideSolutionNode = FALSE
	EndGlobalSection
	GlobalSection(ExtensibilityGlobals) = postSolution
		SolutionGuid = {954D0871-43CE-429C-970C-21D3BEFBCC0A}
	EndGlobalSection
EndGlobal
