
Microsoft Visual Studio Solution File, Format Version 12.00
# Visual Studio Version 16
VisualStudioVersion = 16.0.30804.86
MinimumVisualStudioVersion = 10.0.40219.1
Project("{FAE04EC0-301F-11D3-BF4B-00C04F79EFBC}") = "SpaceSistemas", "SpaceSistemas.csproj", "{4255701D-069D-4EBB-A798-51C677AC4B2D}"
EndProject
Global
	GlobalSection(SolutionConfigurationPlatforms) = preSolution
		Debug|Any CPU = Debug|Any CPU
		Release|Any CPU = Release|Any CPU
	EndGlobalSection
	GlobalSection(ProjectConfigurationPlatforms) = postSolution
		{4255701D-069D-4EBB-A798-51C677AC4B2D}.Debug|Any CPU.ActiveCfg = Debug|Any CPU
		{4255701D-069D-4EBB-A798-51C677AC4B2D}.Debug|Any CPU.Build.0 = Debug|Any CPU
		{4255701D-069D-4EBB-A798-51C677AC4B2D}.Release|Any CPU.ActiveCfg = Release|Any CPU
		{4255701D-069D-4EBB-A798-51C677AC4B2D}.Release|Any CPU.Build.0 = Release|Any CPU
	EndGlobalSection
	GlobalSection(SolutionProperties) = preSolution
		HideSolutionNode = FALSE
	EndGlobalSection
	GlobalSection(ExtensibilityGlobals) = postSolution
		SolutionGuid = {F3C7DB9D-3B1D-463C-8B2E-2E91EF5EE40C}
	EndGlobalSection
EndGlobal
