
Microsoft Visual Studio Solution File, Format Version 12.00
# Visual Studio Version 16
VisualStudioVersion = 16.0.30804.86
MinimumVisualStudioVersion = 10.0.40219.1
Project("{FAE04EC0-301F-11D3-BF4B-00C04F79EFBC}") = "WindowsFormsApp1", "WindowsFormsApp1.csproj", "{EBC8E28A-4F4E-4CEF-8162-55838D67FC3D}"
EndProject
Global
	GlobalSection(SolutionConfigurationPlatforms) = preSolution
		Debug|Any CPU = Debug|Any CPU
		Release|Any CPU = Release|Any CPU
	EndGlobalSection
	GlobalSection(ProjectConfigurationPlatforms) = postSolution
		{EBC8E28A-4F4E-4CEF-8162-55838D67FC3D}.Debug|Any CPU.ActiveCfg = Debug|Any CPU
		{EBC8E28A-4F4E-4CEF-8162-55838D67FC3D}.Debug|Any CPU.Build.0 = Debug|Any CPU
		{EBC8E28A-4F4E-4CEF-8162-55838D67FC3D}.Release|Any CPU.ActiveCfg = Release|Any CPU
		{EBC8E28A-4F4E-4CEF-8162-55838D67FC3D}.Release|Any CPU.Build.0 = Release|Any CPU
	EndGlobalSection
	GlobalSection(SolutionProperties) = preSolution
		HideSolutionNode = FALSE
	EndGlobalSection
	GlobalSection(ExtensibilityGlobals) = postSolution
		SolutionGuid = {246A88E0-E322-4C86-9458-0502129B3178}
	EndGlobalSection
EndGlobal
