
Microsoft Visual Studio Solution File, Format Version 12.00
# Visual Studio Version 16
VisualStudioVersion = 16.0.30804.86
MinimumVisualStudioVersion = 10.0.40219.1
Project("{FAE04EC0-301F-11D3-BF4B-00C04F79EFBC}") = "SpaceSistemas", "SpaceSistemas.csproj", "{C01E8122-F3E7-4242-AA5D-5B695694ABB0}"
EndProject
Global
	GlobalSection(SolutionConfigurationPlatforms) = preSolution
		Debug|Any CPU = Debug|Any CPU
		Release|Any CPU = Release|Any CPU
	EndGlobalSection
	GlobalSection(ProjectConfigurationPlatforms) = postSolution
		{C01E8122-F3E7-4242-AA5D-5B695694ABB0}.Debug|Any CPU.ActiveCfg = Debug|Any CPU
		{C01E8122-F3E7-4242-AA5D-5B695694ABB0}.Debug|Any CPU.Build.0 = Debug|Any CPU
		{C01E8122-F3E7-4242-AA5D-5B695694ABB0}.Release|Any CPU.ActiveCfg = Release|Any CPU
		{C01E8122-F3E7-4242-AA5D-5B695694ABB0}.Release|Any CPU.Build.0 = Release|Any CPU
	EndGlobalSection
	GlobalSection(SolutionProperties) = preSolution
		HideSolutionNode = FALSE
	EndGlobalSection
	GlobalSection(ExtensibilityGlobals) = postSolution
		SolutionGuid = {46E1200C-EB2D-4CA2-99C0-E0F15DA14C59}
	EndGlobalSection
EndGlobal
